
Microsoft Visual Studio Solution File, Format Version 12.00
# Visual Studio 15
Project("{FAE04EC0-301F-11D3-BF4B-00C04F79EFBC}") = "artscii", "artscii\artscii.csproj", "{46D0D3DB-4BE2-4BA2-BFE3-270B996B9058}"
EndProject
Project("{FAE04EC0-301F-11D3-BF4B-00C04F79EFBC}") = "artscii.UITests", "artscii.UITests\artscii.UITests.csproj", "{E5A32247-38DD-4A71-980E-E42A82BF7ACC}"
EndProject
Global
	GlobalSection(SolutionConfigurationPlatforms) = preSolution
		Debug|iPhoneSimulator = Debug|iPhoneSimulator
		Release|iPhoneSimulator = Release|iPhoneSimulator
		Debug|iPhone = Debug|iPhone
		Release|iPhone = Release|iPhone
		Debug|Any CPU = Debug|Any CPU
		Release|Any CPU = Release|Any CPU
	EndGlobalSection
	GlobalSection(ProjectConfigurationPlatforms) = postSolution
		{46D0D3DB-4BE2-4BA2-BFE3-270B996B9058}.Debug|iPhoneSimulator.ActiveCfg = Debug|iPhoneSimulator
		{46D0D3DB-4BE2-4BA2-BFE3-270B996B9058}.Debug|iPhoneSimulator.Build.0 = Debug|iPhoneSimulator
		{46D0D3DB-4BE2-4BA2-BFE3-270B996B9058}.Release|iPhoneSimulator.ActiveCfg = Release|iPhoneSimulator
		{46D0D3DB-4BE2-4BA2-BFE3-270B996B9058}.Release|iPhoneSimulator.Build.0 = Release|iPhoneSimulator
		{46D0D3DB-4BE2-4BA2-BFE3-270B996B9058}.Debug|iPhone.ActiveCfg = Debug|iPhone
		{46D0D3DB-4BE2-4BA2-BFE3-270B996B9058}.Debug|iPhone.Build.0 = Debug|iPhone
		{46D0D3DB-4BE2-4BA2-BFE3-270B996B9058}.Release|iPhone.ActiveCfg = Release|iPhone
		{46D0D3DB-4BE2-4BA2-BFE3-270B996B9058}.Release|iPhone.Build.0 = Release|iPhone
		{46D0D3DB-4BE2-4BA2-BFE3-270B996B9058}.Debug|Any CPU.ActiveCfg = Debug|iPhoneSimulator
		{46D0D3DB-4BE2-4BA2-BFE3-270B996B9058}.Debug|Any CPU.Build.0 = Debug|iPhoneSimulator
		{46D0D3DB-4BE2-4BA2-BFE3-270B996B9058}.Release|Any CPU.ActiveCfg = Release|iPhoneSimulator
		{46D0D3DB-4BE2-4BA2-BFE3-270B996B9058}.Release|Any CPU.Build.0 = Release|iPhoneSimulator
		{E5A32247-38DD-4A71-980E-E42A82BF7ACC}.Debug|iPhoneSimulator.ActiveCfg = Debug|Any CPU
		{E5A32247-38DD-4A71-980E-E42A82BF7ACC}.Debug|iPhoneSimulator.Build.0 = Debug|Any CPU
		{E5A32247-38DD-4A71-980E-E42A82BF7ACC}.Release|iPhoneSimulator.ActiveCfg = Release|Any CPU
		{E5A32247-38DD-4A71-980E-E42A82BF7ACC}.Release|iPhoneSimulator.Build.0 = Release|Any CPU
		{E5A32247-38DD-4A71-980E-E42A82BF7ACC}.Debug|iPhone.ActiveCfg = Debug|Any CPU
		{E5A32247-38DD-4A71-980E-E42A82BF7ACC}.Debug|iPhone.Build.0 = Debug|Any CPU
		{E5A32247-38DD-4A71-980E-E42A82BF7ACC}.Release|iPhone.ActiveCfg = Release|Any CPU
		{E5A32247-38DD-4A71-980E-E42A82BF7ACC}.Release|iPhone.Build.0 = Release|Any CPU
		{E5A32247-38DD-4A71-980E-E42A82BF7ACC}.Debug|Any CPU.ActiveCfg = Debug|Any CPU
		{E5A32247-38DD-4A71-980E-E42A82BF7ACC}.Debug|Any CPU.Build.0 = Debug|Any CPU
		{E5A32247-38DD-4A71-980E-E42A82BF7ACC}.Release|Any CPU.ActiveCfg = Release|Any CPU
		{E5A32247-38DD-4A71-980E-E42A82BF7ACC}.Release|Any CPU.Build.0 = Release|Any CPU
	EndGlobalSection
EndGlobal
